{
    "_readme": [
        "This file locks the dependencies of your project to a known state",
        "Read more about it at https://getcomposer.org/doc/01-basic-usage.md#installing-dependencies",
        "This file is @generated automatically"
    ],
    "content-hash": "54a4351aa5808fa20bcc82ecf472f97a",
    "packages": [
        {
            "name": "cakedc/migrations",
            "version": "2.4.1",
            "source": {
                "type": "git",
                "url": "https://github.com/CakeDC/migrations.git",
                "reference": "a8b53d8c5dba53fc48ae3f263f2d008b6787973f"
            },
            "dist": {
                "type": "zip",
                "url": "https://api.github.com/repos/CakeDC/migrations/zipball/a8b53d8c5dba53fc48ae3f263f2d008b6787973f",
                "reference": "a8b53d8c5dba53fc48ae3f263f2d008b6787973f",
                "shasum": ""
            },
            "require": {
                "composer/installers": "*",
                "php": ">=5.2.8"
            },
            "type": "cakephp-plugin",
            "notification-url": "https://packagist.org/downloads/",
            "license": [
                "MIT"
            ],
            "authors": [
                {
                    "name": "Cake Development Corporation",
                    "email": "team@cakedc.com",
                    "homepage": "http://cakedc.com"
                }
            ],
            "description": "Migrations Plugin for CakePHP",
            "homepage": "http://cakedc.com",
            "keywords": [
                "cakephp",
                "migrations"
            ],
            "time": "2015-12-18T10:32:40+00:00"
        },
        {
            "name": "cakephp/cakephp",
            "version": "2.10.17",
            "source": {
                "type": "git",
                "url": "https://github.com/cakephp/cakephp.git",
                "reference": "d954e966713959e27c761346a2da71ea306c8cb8"
            },
            "dist": {
                "type": "zip",
                "url": "https://api.github.com/repos/cakephp/cakephp/zipball/d954e966713959e27c761346a2da71ea306c8cb8",
                "reference": "d954e966713959e27c761346a2da71ea306c8cb8",
                "shasum": ""
            },
            "require": {
                "php": ">=5.3.0"
            },
            "require-dev": {
                "cakephp/cakephp-codesniffer": "^1.0.0",
                "phpunit/phpunit": "^3.7"
            },
            "suggest": {
                "ext-mcrypt": "You need to install ext-openssl or ext-mcrypt to use AES-256 encryption",
                "ext-openssl": "You need to install ext-openssl or ext-mcrypt to use AES-256 encryption"
            },
            "bin": [
                "lib/Cake/Console/cake"
            ],
            "type": "library",
            "notification-url": "https://packagist.org/downloads/",
            "license": [
                "MIT"
            ],
            "authors": [
                {
                    "name": "CakePHP Community",
                    "homepage": "https://github.com/cakephp/cakephp/graphs/contributors"
                }
            ],
            "description": "The CakePHP framework",
            "homepage": "https://cakephp.org",
            "keywords": [
                "framework"
            ],
            "time": "2019-04-14T02:17:43+00:00"
        },
        {
            "name": "composer/installers",
            "version": "v1.1.0",
            "source": {
                "type": "git",
                "url": "https://github.com/composer/installers.git",
                "reference": "a3595c5272a6f247228abb20076ed27321e4aae9"
            },
            "dist": {
                "type": "zip",
                "url": "https://api.github.com/repos/composer/installers/zipball/a3595c5272a6f247228abb20076ed27321e4aae9",
                "reference": "a3595c5272a6f247228abb20076ed27321e4aae9",
                "shasum": ""
            },
            "require": {
                "composer-plugin-api": "^1.0"
            },
            "replace": {
                "roundcube/plugin-installer": "*",
                "shama/baton": "*"
            },
            "require-dev": {
                "composer/composer": "1.0.*@dev",
                "phpunit/phpunit": "4.1.*"
            },
            "type": "composer-plugin",
            "extra": {
                "class": "Composer\\Installers\\Plugin",
                "branch-alias": {
                    "dev-master": "1.0-dev"
                }
            },
            "autoload": {
                "psr-4": {
                    "Composer\\Installers\\": "src/Composer/Installers"
                }
            },
            "notification-url": "https://packagist.org/downloads/",
            "license": [
                "MIT"
            ],
            "authors": [
                {
                    "name": "Kyle Robinson Young",
                    "email": "kyle@dontkry.com",
                    "homepage": "https://github.com/shama"
                }
            ],
            "description": "A multi-framework Composer library installer",
            "homepage": "https://composer.github.io/installers/",
            "keywords": [
                "Craft",
                "Dolibarr",
                "Hurad",
                "ImageCMS",
                "MODX Evo",
                "Mautic",
                "OXID",
                "RadPHP",
                "SMF",
                "Thelia",
                "WolfCMS",
                "agl",
                "aimeos",
                "annotatecms",
                "bitrix",
                "cakephp",
                "chef",
                "codeigniter",
                "concrete5",
                "croogo",
                "dokuwiki",
                "drupal",
                "elgg",
                "expressionengine",
                "fuelphp",
                "grav",
                "installer",
                "joomla",
                "kohana",
                "laravel",
                "lithium",
                "magento",
                "mako",
                "mediawiki",
                "modulework",
                "moodle",
                "phpbb",
                "piwik",
                "ppi",
                "puppet",
                "roundcube",
                "shopware",
                "silverstripe",
                "symfony",
                "typo3",
                "wordpress",
                "zend",
                "zikula"
            ],
            "time": "2016-07-05T06:18:20+00:00"
        },
        {
            "name": "facebook/php-sdk",
            "version": "v3.2.3",
            "source": {
                "type": "git",
                "url": "https://github.com/facebookarchive/facebook-php-sdk.git",
                "reference": "6714042fa2f5979d4c64c7d11fb4bcab16bdf6cb"
            },
            "dist": {
                "type": "zip",
                "url": "https://api.github.com/repos/facebookarchive/facebook-php-sdk/zipball/6714042fa2f5979d4c64c7d11fb4bcab16bdf6cb",
                "reference": "6714042fa2f5979d4c64c7d11fb4bcab16bdf6cb",
                "shasum": ""
            },
            "require": {
                "ext-curl": "*",
                "ext-json": "*",
                "php": ">=5.2.0"
            },
            "require-dev": {
                "phpunit/phpunit": "3.7.*"
            },
            "type": "library",
            "autoload": {
                "classmap": [
                    "src"
                ]
            },
            "notification-url": "https://packagist.org/downloads/",
            "license": [
                "Apache2"
            ],
            "authors": [
                {
                    "name": "Facebook",
                    "homepage": "https://github.com/facebook/facebook-php-sdk/contributors"
                }
            ],
            "description": "Facebook PHP SDK",
            "homepage": "https://github.com/facebook/facebook-php-sdk",
            "keywords": [
                "facebook",
                "sdk"
            ],
            "abandoned": "facebook/graph-sdk",
            "time": "2013-11-19T23:11:14+00:00"
        },
        {
            "name": "james-heinrich/getid3",
            "version": "v1.9.12",
            "source": {
                "type": "git",
                "url": "https://github.com/JamesHeinrich/getID3.git",
                "reference": "41c05612d532d30f07680cad3a4a6efbec7fc7f5"
            },
            "dist": {
                "type": "zip",
                "url": "https://api.github.com/repos/JamesHeinrich/getID3/zipball/41c05612d532d30f07680cad3a4a6efbec7fc7f5",
                "reference": "41c05612d532d30f07680cad3a4a6efbec7fc7f5",
                "shasum": ""
            },
            "require": {
                "php": ">=5.3.0"
            },
            "type": "library",
            "autoload": {
                "classmap": [
                    "getid3/getid3.php"
                ]
            },
            "notification-url": "https://packagist.org/downloads/",
            "license": [
                "GPL"
            ],
            "description": "PHP script that extracts useful information from popular multimedia file formats",
            "homepage": "http://www.getid3.org/",
            "keywords": [
                "codecs",
                "php",
                "tags"
            ],
            "time": "2016-03-02T13:13:30+00:00"
        },
        {
            "name": "jublonet/codebird-php",
            "version": "2.7.2",
            "source": {
                "type": "git",
                "url": "https://github.com/jublonet/codebird-php.git",
                "reference": "ced29520d93eeb6652ebd5a81cf0bf79f9d98597"
            },
            "dist": {
                "type": "zip",
                "url": "https://api.github.com/repos/jublonet/codebird-php/zipball/ced29520d93eeb6652ebd5a81cf0bf79f9d98597",
                "reference": "ced29520d93eeb6652ebd5a81cf0bf79f9d98597",
                "shasum": ""
            },
            "require": {
                "composer/installers": "~1.0",
                "ext-hash": "*",
                "ext-json": "*",
                "lib-openssl": "*"
            },
            "type": "library",
            "autoload": {
                "classmap": [
                    "src/"
                ]
            },
            "notification-url": "https://packagist.org/downloads/",
            "license": [
                "GPL-3.0+"
            ],
            "authors": [
                {
                    "name": "Joshua Atkins",
                    "email": "joshua.atkins@jublo.net",
                    "homepage": "http://atkins.im/",
                    "role": "Developer"
                },
                {
                    "name": "J.M.",
                    "email": "jm@jublo.net",
                    "homepage": "http://mynetx.net/",
                    "role": "Developer"
                }
            ],
            "description": "A Twitter library in PHP.",
            "homepage": "http://www.jublo.net/projects/codebird/php",
            "keywords": [
                "api",
                "networking",
                "twitter"
            ],
            "time": "2015-09-23T12:27:47+00:00"
        },
        {
            "name": "smottt/wideimage",
            "version": "1.1.2",
            "source": {
                "type": "git",
                "url": "https://github.com/smottt/WideImage.git",
                "reference": "9235ee96b5cdbc83a4c3ab7b51ce2fdd82c561ca"
            },
            "dist": {
                "type": "zip",
                "url": "https://api.github.com/repos/smottt/WideImage/zipball/9235ee96b5cdbc83a4c3ab7b51ce2fdd82c561ca",
                "reference": "9235ee96b5cdbc83a4c3ab7b51ce2fdd82c561ca",
                "shasum": ""
            },
            "require": {
                "php": ">=5.3"
            },
            "require-dev": {
                "phpunit/phpunit": "~4.8"
            },
            "type": "library",
            "autoload": {
                "psr-0": {
                    "WideImage": "lib/"
                }
            },
            "notification-url": "https://packagist.org/downloads/",
            "license": [
                "GPL-2.0",
                "LGPL-2.1"
            ],
            "description": "An open-source PHP library for image manipulation. (With namespaces, PHP 5.3+)",
            "homepage": "http://wideimage.sourceforge.net",
            "time": "2016-05-16T20:00:28+00:00"
        }
    ],
    "packages-dev": [],
    "aliases": [],
    "minimum-stability": "stable",
    "stability-flags": [],
    "prefer-stable": false,
    "prefer-lowest": false,
    "platform": [],
    "platform-dev": []
}
